<Solution>
  <Project Path="WebsiteBuilderForBusinesses.API/WebsiteBuilderForBusinesses.API.csproj" />
  <Project Path="WebsiteBuilderForBusinesses.Applications/WebsiteBuilderForBusinesses.Applications.csproj" />
  <Project Path="WebsiteBuilderForBusinesses.Core/WebsiteBuilderForBusinesses.Core.csproj" />
  <Project Path="WebsiteBuilderForBusinesses.DataAccess.Postgres/WebsiteBuilderForBusinesses.DataAccess.Postgres.csproj" />
</Solution>
